<?xml version="1.0" encoding="utf-8"?>
<Project ToolsVersion="4.0" xmlns="http://schemas.microsoft.com/developer/msbuild/2003">
  <ItemGroup>
    <Filter Include="Pliki źródłowe">
      <UniqueIdentifier>{4FC737F1-C7A5-4376-A066-2A32D752A2FF}</UniqueIdentifier>
      <Extensions>cpp;c;cc;cxx;c++;cppm;ixx;def;odl;idl;hpj;bat;asm;asmx</Extensions>
    </Filter>
    <Filter Include="Pliki nagłówkowe">
      <UniqueIdentifier>{93995380-89BD-4b04-88EB-625FBE52EBFB}</UniqueIdentifier>
      <Extensions>h;hh;hpp;hxx;h++;hm;inl;inc;ipp;xsd</Extensions>
    </Filter>
    <Filter Include="Pliki zasobów">
      <UniqueIdentifier>{67DA6AB6-F800-4c08-8B7A-83BB121AAD01}</UniqueIdentifier>
      <Extensions>rc;ico;cur;bmp;dlg;rc2;rct;bin;rgs;gif;jpg;jpeg;jpe;resx;tiff;tif;png;wav;mfcribbon-ms</Extensions>
    </Filter>
  </ItemGroup>
  <ItemGroup>
    <ClCompile Include="main.cpp">
      <Filter>Pliki źródłowe</Filter>
    </ClCompile>
    <ClCompile Include="OknoGry.cpp">
      <Filter>Pliki źródłowe</Filter>
    </ClCompile>
    <ClCompile Include="Gra.cpp">
      <Filter>Pliki źródłowe</Filter>
    </ClCompile>
    <ClCompile Include="Ustawienia.cpp">
      <Filter>Pliki źródłowe</Filter>
    </ClCompile>
    <ClCompile Include="Audio.cpp">
      <Filter>Pliki źródłowe</Filter>
    </ClCompile>
    <ClCompile Include="Lobby.cpp">
      <Filter>Pliki źródłowe</Filter>
    </ClCompile>
    <ClCompile Include="klasy\Karta.cpp">
      <Filter>Pliki źródłowe</Filter>
    </ClCompile>
    <ClCompile Include="klasy\Gracz.cpp">
      <Filter>Pliki źródłowe</Filter>
    </ClCompile>
    <ClCompile Include="klasy\KartaSpecjalna.cpp">
      <Filter>Pliki źródłowe</Filter>
    </ClCompile>
    <ClCompile Include="klasy\GraficznaReprezentacjaKarty.cpp">
      <Filter>Pliki źródłowe</Filter>
    </ClCompile>
    <ClCompile Include="klasy\Rozgrywka.cpp">
      <Filter>Pliki źródłowe</Filter>
    </ClCompile>
    <ClCompile Include="klasy\RenderowanieRozgrywki.cpp">
      <Filter>Pliki źródłowe</Filter>
    </ClCompile>
  </ItemGroup>
  <ItemGroup>
    <ClInclude Include="OknoGry.hpp">
      <Filter>Pliki nagłówkowe</Filter>
    </ClInclude>
    <ClInclude Include="Audio.hpp">
      <Filter>Pliki nagłówkowe</Filter>
    </ClInclude>
    <ClInclude Include="klasy\Karta.hpp">
      <Filter>Pliki nagłówkowe</Filter>
    </ClInclude>
    <ClInclude Include="klasy\KartaSpecjalna.hpp">
      <Filter>Pliki nagłówkowe</Filter>
    </ClInclude>
    <ClInclude Include="klasy\GraficznaReprezentacjaKarty.hpp">
      <Filter>Pliki nagłówkowe</Filter>
    </ClInclude>
    <ClInclude Include="klasy\Gracz.hpp">
      <Filter>Pliki nagłówkowe</Filter>
    </ClInclude>
    <ClInclude Include="klasy\Rozgrywka.hpp">
      <Filter>Pliki nagłówkowe</Filter>
    </ClInclude>
    <ClInclude Include="klasy\RenderowanieRozgrywki.hpp">
      <Filter>Pliki nagłówkowe</Filter>
    </ClInclude>
  </ItemGroup>
  <ItemGroup>
    <Font Include="resources\czcionki\czcionka.ttf" />
  </ItemGroup>
  <ItemGroup>
    <Media Include="resources\muzyka w tle\1.mp3" />
    <Media Include="resources\muzyka w tle\2.mp3" />
    <Media Include="resources\muzyka w tle\3.mp3" />
    <Media Include="resources\muzyka w tle\4.mp3" />
  </ItemGroup>
  <ItemGroup>
    <Image Include="resources\karty\1.png">
      <Filter>Pliki zasobów</Filter>
    </Image>
    <Image Include="resources\karty\2.png">
      <Filter>Pliki zasobów</Filter>
    </Image>
    <Image Include="resources\karty\3.png">
      <Filter>Pliki zasobów</Filter>
    </Image>
    <Image Include="resources\karty\4.png">
      <Filter>Pliki zasobów</Filter>
    </Image>
    <Image Include="resources\karty\5.png">
      <Filter>Pliki zasobów</Filter>
    </Image>
    <Image Include="resources\karty\6.png">
      <Filter>Pliki zasobów</Filter>
    </Image>
    <Image Include="resources\karty\7.png">
      <Filter>Pliki zasobów</Filter>
    </Image>
    <Image Include="resources\karty\8.png">
      <Filter>Pliki zasobów</Filter>
    </Image>
    <Image Include="resources\karty\9.png">
      <Filter>Pliki zasobów</Filter>
    </Image>
    <Image Include="resources\karty\10.png">
      <Filter>Pliki zasobów</Filter>
    </Image>
    <Image Include="resources\karty\11.png">
      <Filter>Pliki zasobów</Filter>
    </Image>
    <Image Include="resources\karty\ukryta karta.png">
      <Filter>Pliki zasobów</Filter>
    </Image>
    <Image Include="resources\karty\dobierz idealna karte i zwieksz atak o 5.png">
      <Filter>Pliki zasobów</Filter>
    </Image>
    <Image Include="resources\karty\dobierz idealna karte.png">
      <Filter>Pliki zasobów</Filter>
    </Image>
    <Image Include="resources\karty\dobierz karte o wartosci 2.png">
      <Filter>Pliki zasobów</Filter>
    </Image>
    <Image Include="resources\karty\dobierz karte o wartosci 3.png">
      <Filter>Pliki zasobów</Filter>
    </Image>
    <Image Include="resources\karty\dobierz karte o wartosci 4.png">
      <Filter>Pliki zasobów</Filter>
    </Image>
    <Image Include="resources\karty\dobierz karte o wartosci 5.png">
      <Filter>Pliki zasobów</Filter>
    </Image>
    <Image Include="resources\karty\dobierz karte o wartosci 6.png">
      <Filter>Pliki zasobów</Filter>
    </Image>
    <Image Include="resources\karty\dobierz karte o wartosci 7.png">
      <Filter>Pliki zasobów</Filter>
    </Image>
    <Image Include="resources\karty\odrzuc ostatnia wylosowana karte.png">
      <Filter>Pliki zasobów</Filter>
    </Image>
    <Image Include="resources\karty\zwieksz atak o 2.png">
      <Filter>Pliki zasobów</Filter>
    </Image>
    <Image Include="resources\karty\usun karty specjalne przeciwnika ze stolu.png">
      <Filter>Pliki zasobów</Filter>
    </Image>
    <Image Include="resources\karty\zamien sie ostatnia wylosowana karta z graczem.png">
      <Filter>Pliki zasobów</Filter>
    </Image>
    <Image Include="resources\karty\zmien limit wyniku na 17.png">
      <Filter>Pliki zasobów</Filter>
    </Image>
    <Image Include="resources\karty\zmien limit wyniku na 24.png">
      <Filter>Pliki zasobów</Filter>
    </Image>
    <Image Include="resources\karty\zmien limit wyniku na 27.png">
      <Filter>Pliki zasobów</Filter>
    </Image>
    <Image Include="resources\karty\zmniejsz atak przeciwnika o 1.png">
      <Filter>Pliki zasobów</Filter>
    </Image>
    <Image Include="resources\karty\zmniejsz atak przeciwnika o 2.png">
      <Filter>Pliki zasobów</Filter>
    </Image>
    <Image Include="resources\karty\zwieksz atak o 1.png">
      <Filter>Pliki zasobów</Filter>
    </Image>
    <Image Include="resources\symbole\atak.png">
      <Filter>Pliki zasobów</Filter>
    </Image>
    <Image Include="resources\symbole\poziom zdrowia.png">
      <Filter>Pliki zasobów</Filter>
    </Image>
  </ItemGroup>
</Project>